
Microsoft Visual Studio Solution File, Format Version 12.00
# Visual Studio Version 17
VisualStudioVersion = 17.0.31903.59
MinimumVisualStudioVersion = 10.0.40219.1
Project("{FAE04EC0-301F-11D3-BF4B-00C04F79EFBC}") = "Assig-1-Prime-Number", "Assig-1-Prime-Number\Assig-1-Prime-Number.csproj", "{DEAAB735-368A-4E3D-8CD0-F59D79020BCD}"
EndProject
Global
	GlobalSection(SolutionConfigurationPlatforms) = preSolution
		Debug|Any CPU = Debug|Any CPU
		Release|Any CPU = Release|Any CPU
	EndGlobalSection
	GlobalSection(SolutionProperties) = preSolution
		HideSolutionNode = FALSE
	EndGlobalSection
	GlobalSection(ProjectConfigurationPlatforms) = postSolution
		{DEAAB735-368A-4E3D-8CD0-F59D79020BCD}.Debug|Any CPU.ActiveCfg = Debug|Any CPU
		{DEAAB735-368A-4E3D-8CD0-F59D79020BCD}.Debug|Any CPU.Build.0 = Debug|Any CPU
		{DEAAB735-368A-4E3D-8CD0-F59D79020BCD}.Release|Any CPU.ActiveCfg = Release|Any CPU
		{DEAAB735-368A-4E3D-8CD0-F59D79020BCD}.Release|Any CPU.Build.0 = Release|Any CPU
	EndGlobalSection
EndGlobal
